
Microsoft Visual Studio Solution File, Format Version 12.00
# Visual Studio Version 16
VisualStudioVersion = 16.0.29411.108
MinimumVisualStudioVersion = 10.0.40219.1
Project("{FAE04EC0-301F-11D3-BF4B-00C04F79EFBC}") = "IndexAI", "gdocxai\IndexAI.csproj", "{8927619B-8A87-4050-B874-E0B0B8C2ADF7}"
EndProject
Project("{FAE04EC0-301F-11D3-BF4B-00C04F79EFBC}") = "DeepSpeechClient", "..\DeepSpeechWPF\DeepSpeechClient\DeepSpeechClient.csproj", "{56DE4091-BBBE-47E4-852D-7268B33B971F}"
EndProject
Project("{FAE04EC0-301F-11D3-BF4B-00C04F79EFBC}") = "NumbersHelper", "NumbersHelper\NumbersHelper.csproj", "{BC2D7E88-6201-4633-A775-668B8BA3577F}"
EndProject
Project("{FAE04EC0-301F-11D3-BF4B-00C04F79EFBC}") = "EmailRedirect.WPF", "EmailRedirect\EmailRedirect.WPF.csproj", "{7204B15D-915D-497D-A37A-1E0C5510278A}"
EndProject
Project("{2150E333-8FDC-42A3-9474-1A3956D46DE8}") = "Radicacion", "Radicacion", "{3D58BC0E-3F6D-4EE0-BF0E-EC4B77C39E46}"
EndProject
Project("{FAE04EC0-301F-11D3-BF4B-00C04F79EFBC}") = "EmailClientLibrary", "EmailClientLibrary\EmailClientLibrary.csproj", "{CA184B56-971D-4031-8A9D-F89E71E458A1}"
EndProject
Project("{FAE04EC0-301F-11D3-BF4B-00C04F79EFBC}") = "Gestion.DAL", "Gestion.DAL\Gestion.DAL.csproj", "{C9F2C59B-44B3-4A11-9265-7B420095C1EF}"
EndProject
Project("{FAE04EC0-301F-11D3-BF4B-00C04F79EFBC}") = "AuthWebApi", "GestionWEB\backend\GdocxApi\AudioWebApiTokens\AuthWebApi.csproj", "{C58F5E69-9FD7-4501-B132-5285FFE9BD43}"
EndProject
Project("{2150E333-8FDC-42A3-9474-1A3956D46DE8}") = "Gestion", "Gestion", "{0CE8F4C4-C208-43A5-A94D-DA417762DAEF}"
EndProject
Project("{FAE04EC0-301F-11D3-BF4B-00C04F79EFBC}") = "NamesService", "NamesService\NamesService.csproj", "{38512807-2902-4496-97B5-9378F5D11E1C}"
EndProject
Project("{FAE04EC0-301F-11D3-BF4B-00C04F79EFBC}") = "BertEngine", "BertEngine\BertEngine.csproj", "{E405058B-FEF4-404B-BBDE-1383EB4A2951}"
EndProject
Global
	GlobalSection(SolutionConfigurationPlatforms) = preSolution
		Debug|Any CPU = Debug|Any CPU
		Debug|x64 = Debug|x64
		Debug|x86 = Debug|x86
		Release|Any CPU = Release|Any CPU
		Release|x64 = Release|x64
		Release|x86 = Release|x86
	EndGlobalSection
	GlobalSection(ProjectConfigurationPlatforms) = postSolution
		{8927619B-8A87-4050-B874-E0B0B8C2ADF7}.Debug|Any CPU.ActiveCfg = Debug|Any CPU
		{8927619B-8A87-4050-B874-E0B0B8C2ADF7}.Debug|Any CPU.Build.0 = Debug|Any CPU
		{8927619B-8A87-4050-B874-E0B0B8C2ADF7}.Debug|x64.ActiveCfg = Debug|x64
		{8927619B-8A87-4050-B874-E0B0B8C2ADF7}.Debug|x64.Build.0 = Debug|x64
		{8927619B-8A87-4050-B874-E0B0B8C2ADF7}.Debug|x86.ActiveCfg = Debug|x86
		{8927619B-8A87-4050-B874-E0B0B8C2ADF7}.Debug|x86.Build.0 = Debug|x86
		{8927619B-8A87-4050-B874-E0B0B8C2ADF7}.Release|Any CPU.ActiveCfg = Release|x64
		{8927619B-8A87-4050-B874-E0B0B8C2ADF7}.Release|x64.ActiveCfg = Release|x64
		{8927619B-8A87-4050-B874-E0B0B8C2ADF7}.Release|x64.Build.0 = Release|x64
		{8927619B-8A87-4050-B874-E0B0B8C2ADF7}.Release|x86.ActiveCfg = Release|x86
		{8927619B-8A87-4050-B874-E0B0B8C2ADF7}.Release|x86.Build.0 = Release|x86
		{56DE4091-BBBE-47E4-852D-7268B33B971F}.Debug|Any CPU.ActiveCfg = Debug|Any CPU
		{56DE4091-BBBE-47E4-852D-7268B33B971F}.Debug|Any CPU.Build.0 = Debug|Any CPU
		{56DE4091-BBBE-47E4-852D-7268B33B971F}.Debug|x64.ActiveCfg = Debug|x64
		{56DE4091-BBBE-47E4-852D-7268B33B971F}.Debug|x64.Build.0 = Debug|x64
		{56DE4091-BBBE-47E4-852D-7268B33B971F}.Debug|x86.ActiveCfg = Debug|Any CPU
		{56DE4091-BBBE-47E4-852D-7268B33B971F}.Debug|x86.Build.0 = Debug|Any CPU
		{56DE4091-BBBE-47E4-852D-7268B33B971F}.Release|Any CPU.ActiveCfg = Release|x64
		{56DE4091-BBBE-47E4-852D-7268B33B971F}.Release|x64.ActiveCfg = Release|x64
		{56DE4091-BBBE-47E4-852D-7268B33B971F}.Release|x64.Build.0 = Release|x64
		{56DE4091-BBBE-47E4-852D-7268B33B971F}.Release|x86.ActiveCfg = Release|Any CPU
		{56DE4091-BBBE-47E4-852D-7268B33B971F}.Release|x86.Build.0 = Release|Any CPU
		{BC2D7E88-6201-4633-A775-668B8BA3577F}.Debug|Any CPU.ActiveCfg = Debug|Any CPU
		{BC2D7E88-6201-4633-A775-668B8BA3577F}.Debug|Any CPU.Build.0 = Debug|Any CPU
		{BC2D7E88-6201-4633-A775-668B8BA3577F}.Debug|x64.ActiveCfg = Debug|x64
		{BC2D7E88-6201-4633-A775-668B8BA3577F}.Debug|x64.Build.0 = Debug|x64
		{BC2D7E88-6201-4633-A775-668B8BA3577F}.Debug|x86.ActiveCfg = Debug|Any CPU
		{BC2D7E88-6201-4633-A775-668B8BA3577F}.Debug|x86.Build.0 = Debug|Any CPU
		{BC2D7E88-6201-4633-A775-668B8BA3577F}.Release|Any CPU.ActiveCfg = Release|x64
		{BC2D7E88-6201-4633-A775-668B8BA3577F}.Release|x64.ActiveCfg = Release|x64
		{BC2D7E88-6201-4633-A775-668B8BA3577F}.Release|x64.Build.0 = Release|x64
		{BC2D7E88-6201-4633-A775-668B8BA3577F}.Release|x86.ActiveCfg = Release|Any CPU
		{BC2D7E88-6201-4633-A775-668B8BA3577F}.Release|x86.Build.0 = Release|Any CPU
		{7204B15D-915D-497D-A37A-1E0C5510278A}.Debug|Any CPU.ActiveCfg = Debug|Any CPU
		{7204B15D-915D-497D-A37A-1E0C5510278A}.Debug|Any CPU.Build.0 = Debug|Any CPU
		{7204B15D-915D-497D-A37A-1E0C5510278A}.Debug|x64.ActiveCfg = Debug|Any CPU
		{7204B15D-915D-497D-A37A-1E0C5510278A}.Debug|x64.Build.0 = Debug|Any CPU
		{7204B15D-915D-497D-A37A-1E0C5510278A}.Debug|x86.ActiveCfg = Debug|Any CPU
		{7204B15D-915D-497D-A37A-1E0C5510278A}.Debug|x86.Build.0 = Debug|Any CPU
		{7204B15D-915D-497D-A37A-1E0C5510278A}.Release|Any CPU.ActiveCfg = Release|Any CPU
		{7204B15D-915D-497D-A37A-1E0C5510278A}.Release|Any CPU.Build.0 = Release|Any CPU
		{7204B15D-915D-497D-A37A-1E0C5510278A}.Release|x64.ActiveCfg = Release|Any CPU
		{7204B15D-915D-497D-A37A-1E0C5510278A}.Release|x64.Build.0 = Release|Any CPU
		{7204B15D-915D-497D-A37A-1E0C5510278A}.Release|x86.ActiveCfg = Release|Any CPU
		{7204B15D-915D-497D-A37A-1E0C5510278A}.Release|x86.Build.0 = Release|Any CPU
		{CA184B56-971D-4031-8A9D-F89E71E458A1}.Debug|Any CPU.ActiveCfg = Debug|Any CPU
		{CA184B56-971D-4031-8A9D-F89E71E458A1}.Debug|Any CPU.Build.0 = Debug|Any CPU
		{CA184B56-971D-4031-8A9D-F89E71E458A1}.Debug|x64.ActiveCfg = Debug|Any CPU
		{CA184B56-971D-4031-8A9D-F89E71E458A1}.Debug|x64.Build.0 = Debug|Any CPU
		{CA184B56-971D-4031-8A9D-F89E71E458A1}.Debug|x86.ActiveCfg = Debug|Any CPU
		{CA184B56-971D-4031-8A9D-F89E71E458A1}.Debug|x86.Build.0 = Debug|Any CPU
		{CA184B56-971D-4031-8A9D-F89E71E458A1}.Release|Any CPU.ActiveCfg = Release|Any CPU
		{CA184B56-971D-4031-8A9D-F89E71E458A1}.Release|Any CPU.Build.0 = Release|Any CPU
		{CA184B56-971D-4031-8A9D-F89E71E458A1}.Release|x64.ActiveCfg = Release|Any CPU
		{CA184B56-971D-4031-8A9D-F89E71E458A1}.Release|x64.Build.0 = Release|Any CPU
		{CA184B56-971D-4031-8A9D-F89E71E458A1}.Release|x86.ActiveCfg = Release|Any CPU
		{CA184B56-971D-4031-8A9D-F89E71E458A1}.Release|x86.Build.0 = Release|Any CPU
		{C9F2C59B-44B3-4A11-9265-7B420095C1EF}.Debug|Any CPU.ActiveCfg = Debug|Any CPU
		{C9F2C59B-44B3-4A11-9265-7B420095C1EF}.Debug|Any CPU.Build.0 = Debug|Any CPU
		{C9F2C59B-44B3-4A11-9265-7B420095C1EF}.Debug|x64.ActiveCfg = Debug|Any CPU
		{C9F2C59B-44B3-4A11-9265-7B420095C1EF}.Debug|x64.Build.0 = Debug|Any CPU
		{C9F2C59B-44B3-4A11-9265-7B420095C1EF}.Debug|x86.ActiveCfg = Debug|Any CPU
		{C9F2C59B-44B3-4A11-9265-7B420095C1EF}.Debug|x86.Build.0 = Debug|Any CPU
		{C9F2C59B-44B3-4A11-9265-7B420095C1EF}.Release|Any CPU.ActiveCfg = Release|Any CPU
		{C9F2C59B-44B3-4A11-9265-7B420095C1EF}.Release|Any CPU.Build.0 = Release|Any CPU
		{C9F2C59B-44B3-4A11-9265-7B420095C1EF}.Release|x64.ActiveCfg = Release|Any CPU
		{C9F2C59B-44B3-4A11-9265-7B420095C1EF}.Release|x64.Build.0 = Release|Any CPU
		{C9F2C59B-44B3-4A11-9265-7B420095C1EF}.Release|x86.ActiveCfg = Release|Any CPU
		{C9F2C59B-44B3-4A11-9265-7B420095C1EF}.Release|x86.Build.0 = Release|Any CPU
		{C58F5E69-9FD7-4501-B132-5285FFE9BD43}.Debug|Any CPU.ActiveCfg = Debug|Any CPU
		{C58F5E69-9FD7-4501-B132-5285FFE9BD43}.Debug|Any CPU.Build.0 = Debug|Any CPU
		{C58F5E69-9FD7-4501-B132-5285FFE9BD43}.Debug|x64.ActiveCfg = Debug|Any CPU
		{C58F5E69-9FD7-4501-B132-5285FFE9BD43}.Debug|x64.Build.0 = Debug|Any CPU
		{C58F5E69-9FD7-4501-B132-5285FFE9BD43}.Debug|x86.ActiveCfg = Debug|Any CPU
		{C58F5E69-9FD7-4501-B132-5285FFE9BD43}.Debug|x86.Build.0 = Debug|Any CPU
		{C58F5E69-9FD7-4501-B132-5285FFE9BD43}.Release|Any CPU.ActiveCfg = Release|Any CPU
		{C58F5E69-9FD7-4501-B132-5285FFE9BD43}.Release|Any CPU.Build.0 = Release|Any CPU
		{C58F5E69-9FD7-4501-B132-5285FFE9BD43}.Release|x64.ActiveCfg = Release|Any CPU
		{C58F5E69-9FD7-4501-B132-5285FFE9BD43}.Release|x64.Build.0 = Release|Any CPU
		{C58F5E69-9FD7-4501-B132-5285FFE9BD43}.Release|x86.ActiveCfg = Release|Any CPU
		{C58F5E69-9FD7-4501-B132-5285FFE9BD43}.Release|x86.Build.0 = Release|Any CPU
		{38512807-2902-4496-97B5-9378F5D11E1C}.Debug|Any CPU.ActiveCfg = Debug|Any CPU
		{38512807-2902-4496-97B5-9378F5D11E1C}.Debug|Any CPU.Build.0 = Debug|Any CPU
		{38512807-2902-4496-97B5-9378F5D11E1C}.Debug|x64.ActiveCfg = Debug|Any CPU
		{38512807-2902-4496-97B5-9378F5D11E1C}.Debug|x64.Build.0 = Debug|Any CPU
		{38512807-2902-4496-97B5-9378F5D11E1C}.Debug|x86.ActiveCfg = Debug|Any CPU
		{38512807-2902-4496-97B5-9378F5D11E1C}.Debug|x86.Build.0 = Debug|Any CPU
		{38512807-2902-4496-97B5-9378F5D11E1C}.Release|Any CPU.ActiveCfg = Release|Any CPU
		{38512807-2902-4496-97B5-9378F5D11E1C}.Release|Any CPU.Build.0 = Release|Any CPU
		{38512807-2902-4496-97B5-9378F5D11E1C}.Release|x64.ActiveCfg = Release|Any CPU
		{38512807-2902-4496-97B5-9378F5D11E1C}.Release|x64.Build.0 = Release|Any CPU
		{38512807-2902-4496-97B5-9378F5D11E1C}.Release|x86.ActiveCfg = Release|Any CPU
		{38512807-2902-4496-97B5-9378F5D11E1C}.Release|x86.Build.0 = Release|Any CPU
		{E405058B-FEF4-404B-BBDE-1383EB4A2951}.Debug|Any CPU.ActiveCfg = Debug|x64
		{E405058B-FEF4-404B-BBDE-1383EB4A2951}.Debug|x64.ActiveCfg = Debug|x64
		{E405058B-FEF4-404B-BBDE-1383EB4A2951}.Debug|x64.Build.0 = Debug|x64
		{E405058B-FEF4-404B-BBDE-1383EB4A2951}.Debug|x86.ActiveCfg = Debug|x64
		{E405058B-FEF4-404B-BBDE-1383EB4A2951}.Release|Any CPU.ActiveCfg = Release|x64
		{E405058B-FEF4-404B-BBDE-1383EB4A2951}.Release|x64.ActiveCfg = Release|x64
		{E405058B-FEF4-404B-BBDE-1383EB4A2951}.Release|x86.ActiveCfg = Release|x64
	EndGlobalSection
	GlobalSection(SolutionProperties) = preSolution
		HideSolutionNode = FALSE
	EndGlobalSection
	GlobalSection(NestedProjects) = preSolution
		{7204B15D-915D-497D-A37A-1E0C5510278A} = {3D58BC0E-3F6D-4EE0-BF0E-EC4B77C39E46}
		{CA184B56-971D-4031-8A9D-F89E71E458A1} = {3D58BC0E-3F6D-4EE0-BF0E-EC4B77C39E46}
		{C58F5E69-9FD7-4501-B132-5285FFE9BD43} = {0CE8F4C4-C208-43A5-A94D-DA417762DAEF}
	EndGlobalSection
	GlobalSection(ExtensibilityGlobals) = postSolution
		SolutionGuid = {8B9944B3-FE1B-4D34-AAE5-952018FE980C}
	EndGlobalSection
EndGlobal
